# THIS IS AN AUTOGENERATED FILE. DO NOT EDIT THIS FILE DIRECTLY.
assets/style.css.liquid:
  production: 2017-09-18T18:39:55-04:00   d92c3ee2f676a7ba6839eb7be678f21e
layout/theme.liquid:
  production: 2017-09-18T18:40:25-04:00   f8120ed84e4194c14cab2510baade6d8
snippets/header_design1.liquid:
  production: 2017-09-18T18:40:13-04:00   22900db363182ed1e03196a526054b1e
