# THIS IS AN AUTOGENERATED FILE. DO NOT EDIT THIS FILE DIRECTLY.
assets/FontAwesome.otf:
  development: 2017-08-17T19:33:55-04:00   668743fe7258676f8ef8f9b47d2a623e
  production: 2017-08-18T11:33:18-04:00
assets/MaterialIcons-Regular.eot:
  development: 2017-08-17T19:33:57-04:00   e79bfd88537def476913f3ed52f4f4b3
  production: 2017-08-18T11:33:21-04:00
assets/MaterialIcons-Regular.ijmap:
  development: 2017-08-17T19:33:57-04:00   ed6a98d002bc0b535dd8618f3ae05fe7
  production: 2017-08-18T11:33:21-04:00
assets/MaterialIcons-Regular.ttf:
  development: 2017-08-17T19:33:57-04:00   a37b0c01c0baf1888ca812cc0508f6e2
  production: 2017-08-18T11:33:22-04:00
assets/MaterialIcons-Regular.woff:
  development: 2017-08-17T19:33:57-04:00   012cf6a10129e2275d79d6adac7f3b02
  production: 2017-08-18T11:33:22-04:00
assets/MaterialIcons-Regular.woff2:
  development: 2017-08-17T19:33:57-04:00   570eb83859dc23dd0eec423a49e147fe
  production: 2017-08-18T11:33:22-04:00
assets/admin-image.png:
  development: 2017-08-17T19:33:53-04:00   662e353f4f75f0ff221be0eb88827452
  production: 2017-08-18T11:33:14-04:00
assets/admin-panel.js:
  development: 2017-08-17T19:33:53-04:00   e08bf167f1c4bdeca584e0bf9a5c8786
  production: 2017-08-18T11:33:14-04:00
assets/ajax-loader.gif:
  development: 2017-08-17T19:33:53-04:00   5c3bff117264f212e459025901e795f2
  production: 2017-08-18T11:33:15-04:00
assets/bootstrap.min.js:
  development: 2017-08-17T19:33:53-04:00   4becdc9104623e891fbb9d38bba01be4
  production: 2017-08-18T11:33:15-04:00
assets/cart.api.js:
  development: 2017-08-17T19:33:54-04:00   7b69d592652ed205d441e6907ce3c936
  production: 2017-08-18T11:33:15-04:00
assets/collection-filtres.js:
  development: 2017-08-17T19:33:54-04:00   d3bd79c791bed08b79ce8ddb947bf0b7
  production: 2017-08-18T11:33:15-04:00
assets/css-liquid.css.liquid:
  development: 2017-08-17T19:33:54-04:00   974976d12da5770b911b8903c7baf2d9
  production: 2017-08-18T11:33:15-04:00
assets/custom.js:
  development: 2017-08-17T19:33:54-04:00   75cbdf664feaaba464c61e1aa7b8e630
  production: 2017-08-18T11:33:16-04:00
assets/empty-cart-icon.png:
  development: 2017-08-17T19:33:54-04:00   9bc54efa69df30ba2d17321e4a5db9b4
  production: 2017-08-18T11:33:16-04:00
assets/empty-category-icon.png:
  development: 2017-08-17T19:33:54-04:00   37da1fde16ac168873c5e5443444a14d
  production: 2017-08-18T11:33:16-04:00
assets/empty-search-icon.png:
  development: 2017-08-17T19:33:54-04:00   70126bd1ce8fa6b5de4f2148beaee3f1
  production: 2017-08-18T11:33:16-04:00
assets/favicon.png:
  development: 2017-09-04T14:01:24-04:00   27f51c2096df020ee3c3926fdc5a7e66
  production: 2017-08-18T11:33:16-04:00
assets/favicon_pass.png:
  development: 2017-08-17T19:33:54-04:00   f913eacb29dfe60bc01d360ada49d851
  production: 2017-08-18T11:33:16-04:00
assets/filter_color1.png:
  development: 2017-08-17T19:33:54-04:00   1fe96afa995fedf09076473021fb9edf
  production: 2017-08-18T11:33:16-04:00
assets/filter_color2.png:
  development: 2017-08-17T19:33:54-04:00   7ae3517bd9d68442ea464c76ae3c3840
  production: 2017-08-18T11:33:16-04:00
assets/fontawesome-webfont.eot:
  development: 2017-08-17T19:33:54-04:00   45c73723862c6fc5eb3d6961db2d71fb
  production: 2017-08-18T11:33:16-04:00
assets/fontawesome-webfont.svg:
  development: 2017-08-17T19:33:54-04:00   76a4f23c6be74fd309e0d0fd2c27a5de
  production: 2017-08-18T11:33:17-04:00
assets/fontawesome-webfont.ttf:
  development: 2017-08-17T19:33:55-04:00   7c87870ab40d63cfb8870c1f183f9939
  production: 2017-08-18T11:33:17-04:00
assets/fontawesome-webfont.woff:
  development: 2017-08-17T19:33:55-04:00   dfb02f8f6d0cedc009ee5887cc68f1f3
  production: 2017-08-18T11:33:17-04:00
assets/fontawesome-webfont.woff2:
  development: 2017-08-17T19:33:55-04:00   4b5a84aaf1c9485e060c503a0ff8cadb
  production: 2017-08-18T11:33:17-04:00
assets/fontello.eot:
  development: 2017-08-17T19:33:55-04:00   25ab979d69790fe87cd3014bdb450dbb
  production: 2017-08-18T11:33:18-04:00
assets/fontello.svg:
  development: 2017-08-17T19:33:55-04:00   abd67d8cd765f79a0a54f396bd30180e
  production: 2017-08-18T11:33:18-04:00
assets/fontello.ttf:
  development: 2017-08-17T19:33:55-04:00   3df1b466a6b530418717e6af9255a0f6
  production: 2017-08-18T11:33:18-04:00
assets/fontello.woff:
  development: 2017-08-17T19:33:55-04:00   a5ffe48e3aa65e511ffa8017fc3e5a94
  production: 2017-08-18T11:33:18-04:00
assets/fonts.js.liquid:
  development: 2017-08-17T19:33:55-04:00   e764de930c2449fa3680551f86e0530c
  production: 2017-08-18T11:33:18-04:00
assets/footerlogo.png:
  development: 2017-08-31T21:38:36-04:00   c09bf86f45c9793587b7bfb62947bcfe
  production: 2017-08-18T11:33:18-04:00
assets/gridtile.png:
  development: 2017-08-17T19:33:55-04:00   bdc21cc00e9290a24aef7b34a0377dc4
  production: 2017-08-18T11:33:18-04:00
assets/homedefault_blogparralax.jpg:
  development: 2017-08-17T19:33:55-04:00   805dd9b8228b3c5288f161cfd3b9cdb0
  production: 2017-08-18T11:33:19-04:00
assets/imagesloaded.pkgd.min.js:
  development: 2017-08-17T19:33:56-04:00   511ef2f6ee750edc32bb5c8d5d324e7e
  production: 2017-08-18T11:33:19-04:00
assets/instafeed.min.js:
  development: 2017-08-17T19:33:56-04:00   bbc79fb3e3942a7bd2159f4a7f1cbf15
  production: 2017-08-18T11:33:19-04:00
assets/instagram_shop.css.liquid:
  development: 2017-08-17T19:33:56-04:00   8f1bc6bbb5c7dbf0da53002443763b2d
  production: 2017-08-18T11:33:19-04:00
assets/jquery.cart.min.js:
  development: 2017-08-17T19:33:56-04:00   fec70c31ef5d9c99fbc5f30c030901ab
  production: 2017-08-18T11:33:19-04:00
assets/jquery.cookie.js:
  development: 2017-08-17T19:33:56-04:00   de952eda41b0edc0b5c416ee48f7028e
  production: 2017-08-18T11:33:19-04:00
assets/jquery.countdown.min.js:
  development: 2017-08-17T19:33:56-04:00   daf14789dbab17e0ca987e726da83340
  production: 2017-08-18T11:33:19-04:00
assets/jquery.currencies.min.js:
  development: 2017-08-17T19:33:56-04:00   ba85cff51eeccd678dcf92da82861bd7
  production: 2017-08-18T11:33:19-04:00
assets/jquery.elevatezoom.js:
  development: 2017-08-17T19:33:56-04:00   f30bb2638854cbfe4682eb28619de9c3
  production: 2017-08-18T11:33:20-04:00
assets/jquery.history.js:
  development: 2017-08-17T19:33:56-04:00   85b23b30cba499edfb22ad402f3d5d2b
  production: 2017-08-18T11:33:20-04:00
assets/jquery.magnific-popup.min.js:
  development: 2017-08-17T19:33:56-04:00   f936d9e80ef2e87cc6517e7f0b9fa38f
  production: 2017-08-18T11:33:20-04:00
assets/jquery.parallax-1.1.3.js:
  development: 2017-08-17T19:33:56-04:00   754fcebbf1082f189f19b68192e02fe1
  production: 2017-08-18T11:33:20-04:00
assets/jquery.plugin.min.js:
  development: 2017-08-17T19:33:56-04:00   38dcef30a5fcbda9e232828fd8c82b05
  production: 2017-08-18T11:33:20-04:00
assets/jquery.themepunch.revolution.min.js:
  development: 2017-08-17T19:33:56-04:00   8606fa99a94d007f4f9f6bf9278dde37
  production: 2017-08-18T11:33:20-04:00
assets/jquery.themepunch.tools.min.js:
  development: 2017-08-17T19:33:57-04:00   09305e284b2d78b1cbcbf0ff6247cce8
  production: 2017-08-18T11:33:20-04:00
assets/layout9_image1.jpg:
  development: 2017-08-17T19:33:57-04:00   c8df28f4b3b791fe80dc37085851efb1
  production: 2017-08-18T11:33:21-04:00
assets/logo-dark.png:
  development: 2017-08-22T07:46:20-04:00   c89754d9ab7c86aaf3b163bbdbc8085b
assets/logo.png:
  development: 2017-09-04T13:29:55-04:00   080576120a7fbc044488a4ec6596db2f
  production: 2017-08-18T11:33:21-04:00
assets/logo_pass.png:
  development: 2017-08-17T19:33:57-04:00   6b74ca51170b565ab37346db58f52dbf
  production: 2017-08-18T11:33:21-04:00
assets/logotransparent.png:
  development: 2017-09-04T13:29:55-04:00   080576120a7fbc044488a4ec6596db2f
  production: 2017-08-18T11:33:21-04:00
assets/lookbook-img-03.jpg:
  development: 2017-08-17T19:33:57-04:00   f0a9cb39bf1d5cd2ea1af2b0c24c1626
  production: 2017-08-18T11:33:21-04:00
assets/magnific-popup.css:
  development: 2017-08-17T19:33:57-04:00   d0e17c9da1bc0faa76bfc00bbf710f87
  production: 2017-08-18T11:33:21-04:00
assets/newsletter-bg.jpg:
  development: 2017-08-17T19:33:58-04:00   d901bc708ee8c51c620f3db1f914d520
  production: 2017-08-18T11:33:22-04:00
assets/newsletter-bg.png:
  development: 2017-08-17T19:33:58-04:00   7131006a31fd201c428b03fecc411d14
  production: 2017-08-18T11:33:23-04:00
assets/newsletter-logo.png:
  development: 2017-08-17T19:33:58-04:00   6b74ca51170b565ab37346db58f52dbf
  production: 2017-08-18T11:33:23-04:00
assets/page-404-icon.png:
  development: 2017-08-17T19:33:58-04:00   102477daf18b1fe70a1d4b2e25e63c5c
  production: 2017-08-18T11:33:23-04:00
assets/revolution-default.js:
  development: 2017-08-17T19:33:58-04:00   70f5a35419c811e7ce41d187421e08a8
  production: 2017-08-18T11:33:23-04:00
assets/revolution-layout2.js:
  development: 2017-08-17T19:33:58-04:00   7f8cb4160c271285c2f39869bdbc3d13
  production: 2017-08-18T11:33:23-04:00
assets/revolution-layout4.js:
  development: 2017-08-17T19:33:58-04:00   6234e7c99840552758b79e647d4a9118
  production: 2017-08-18T11:33:23-04:00
assets/revolution-layout6.js:
  development: 2017-08-17T19:33:58-04:00   c9529b75e7a5a764d1067f15716211e1
  production: 2017-08-18T11:33:24-04:00
assets/revolution-layout7.js:
  development: 2017-08-17T19:33:58-04:00   c9529b75e7a5a764d1067f15716211e1
  production: 2017-08-18T11:33:24-04:00
assets/rtl.js:
  development: 2017-08-17T19:33:58-04:00   344813a8872e98fe06ba0c8e2d9377f2
  production: 2017-08-18T11:33:24-04:00
assets/settings.css:
  development: 2017-09-10T13:48:44-04:00   67fb8248bb76d22bb128db09a313f79e
  production: 2017-08-18T11:33:24-04:00
assets/slick-theme.css:
  development: 2017-08-17T19:33:58-04:00   a9bbcf2722dcad6cd7915d41a368900e
  production: 2017-08-18T11:33:24-04:00
assets/slick.css:
  development: 2017-08-17T19:33:58-04:00   88b2daf9da57af3ab03fea77577a2fe5
  production: 2017-08-18T11:33:24-04:00
assets/slick.eot:
  development: 2017-08-17T19:33:58-04:00   ced611daf7709cc778da928fec876475
  production: 2017-08-18T11:33:25-04:00
assets/slick.min.js:
  development: 2017-08-17T19:33:59-04:00   09ef9b22f7ed6d84974d1bd617cbade5
  production: 2017-08-18T11:33:25-04:00
assets/slick.svg:
  development: 2017-08-17T19:33:59-04:00   f97e3bbf73254b0112091d0192f17aec
  production: 2017-08-18T11:33:25-04:00
assets/slick.ttf:
  development: 2017-08-17T19:33:59-04:00   d41f55a78e6f49a5512878df1737e58a
  production: 2017-08-18T11:33:25-04:00
assets/slick.woff:
  development: 2017-08-17T19:33:59-04:00   b7c9e1e479de3b53f1e4e30ebac2403a
  production: 2017-08-18T11:33:25-04:00
assets/slide17.png:
  development: 2017-08-17T19:33:59-04:00   ee061492fe5561eb6815eea009c7197e
  production: 2017-08-18T11:33:25-04:00
assets/soldout.png:
  development: 2017-08-17T19:33:59-04:00   6a7697db19e17aae7568e216c2b365af
  production: 2017-08-18T11:33:26-04:00
assets/style-override-fonts.css.liquid:
  development: 2017-08-17T19:33:59-04:00   d31a42db8fbcc98f44a9ae4f4bdec1f0
  production: 2017-08-18T11:33:26-04:00
assets/style-rtl.css:
  development: 2017-08-17T19:34:00-04:00   4592984017f525473d3d69633deac86c
  production: 2017-08-18T11:33:26-04:00
assets/style.css.liquid:
  development: 2017-09-09T11:40:26-04:00   1287b094c88b6e1e08d33f62e5e8eaef
  production: 2017-08-18T11:33:26-04:00
assets/stylefont.css:
  development: 2017-08-17T19:34:00-04:00   a6921a65563b3b054176d7345902acd2
  production: 2017-08-18T11:33:26-04:00
assets/template_brand.png:
  development: 2017-08-17T19:34:00-04:00   125b07561d21445b97460b6f9abd570a
  production: 2017-08-18T11:33:26-04:00
assets/template_slider.png:
  development: 2017-08-17T19:34:00-04:00   ed0c149136ff977be9b3d3afe3404c05
  production: 2017-08-18T11:33:26-04:00
assets/template_slider2.png:
  development: 2017-08-17T19:34:00-04:00   459663c7e7609c63a7834f489a0bc294
  production: 2017-08-18T11:33:27-04:00
assets/template_testim.png:
  development: 2017-08-17T19:34:00-04:00   ba80396a4fc2d8019e1377b90a5b145b
  production: 2017-08-18T11:33:27-04:00
assets/timer.png:
  development: 2017-08-17T19:34:00-04:00   ba593bd9fc9e07110f3dc74f728b3768
  production: 2017-08-18T11:33:27-04:00
assets/vendor.js:
  development: 2017-08-17T19:34:00-04:00   14d8666c2b279533908081f4859c1f3e
  production: 2017-08-18T11:33:27-04:00
config/settings_data.json:
  development: 2017-09-07T20:51:50-04:00   17ab0a1b4ef8387f9692853754a90ba2
  production: 2017-08-18T11:33:06-04:00
config/settings_schema.json:
  development: 2017-08-22T08:14:19-04:00   62b239f885945d595d457b1b47836df9
  production: 2017-08-18T13:01:01-04:00
layout/theme.liquid:
  development: 2017-09-11T08:45:53-04:00   94637cc7e85f0737c0aae7d6dd183c06
  production: 2017-08-18T12:45:02-04:00
locales/de.json:
  development: 2017-08-17T19:34:04-04:00   815c6d77b3b643ec2821bbee9127d141
  production: 2017-08-18T11:33:33-04:00
locales/en.default.json:
  development: 2017-09-07T20:36:11-04:00   411b680e388c86cf5ab3237d9e6ad8fb
  production: 2017-08-18T11:33:33-04:00
locales/es.json:
  development: 2017-08-17T19:34:04-04:00   8d3e2942c2741ef6cc1e331095b543f7
  production: 2017-08-18T11:33:33-04:00
locales/pt-BR.json:
  development: 2017-08-17T19:34:04-04:00   92fdf1e155dd2af5487c42ff5836b845
  production: 2017-08-18T11:33:33-04:00
sections/banners-info.liquid:
  development: 2017-08-17T19:33:50-04:00   f44cb5e4e746d259f1d3de9731c7ccf9
  production: 2017-08-18T11:33:02-04:00
sections/banners-section.liquid:
  development: 2017-08-17T19:33:50-04:00   ad18e59d179bfad5cd9dad65bab67435
  production: 2017-08-18T11:33:02-04:00
sections/banners-texts.liquid:
  development: 2017-08-17T19:33:50-04:00   28416b52a0565cb55dfc76d08b52acd6
  production: 2017-08-18T11:33:02-04:00
sections/bigslider-products.liquid:
  development: 2017-08-17T19:33:50-04:00   fef18623b208349bc4eb892a98c1bf99
  production: 2017-08-18T11:33:02-04:00
sections/brands-list.liquid:
  development: 2017-08-17T19:33:50-04:00   ba1c975a80d96545e7ac271cc7584c55
  production: 2017-08-18T11:33:02-04:00
sections/collection-2-list.liquid:
  development: 2017-08-17T19:33:50-04:00   a30986c70fcad950ec067ed171908a6a
  production: 2017-08-18T11:33:02-04:00
sections/collection-list.liquid:
  development: 2017-08-17T19:33:50-04:00   ad147ac328ce482fa3fa1dd110565451
  production: 2017-08-18T11:33:02-04:00
sections/collection-products.liquid:
  development: 2017-08-17T19:33:50-04:00   2f5f110940dae8a7505aa85e37fe4713
  production: 2017-08-18T11:33:02-04:00
sections/collection-tabs.liquid:
  development: 2017-08-17T19:33:50-04:00   1227d3d718fd1a1cdb49a277b755d9a7
  production: 2017-08-18T11:33:02-04:00
sections/collectionsall.liquid:
  development: 2017-08-17T19:33:50-04:00   ef9510efd01fb81ae81529c8ee2464ec
  production: 2017-08-18T11:33:02-04:00
sections/custom_html.liquid:
  development: 2017-08-17T19:33:50-04:00   10b8b3e62795467b277543d7bb347d56
  production: 2017-08-18T11:33:02-04:00
sections/featured-blog.liquid:
  development: 2017-08-17T19:33:50-04:00   db02cc857f6452c060c8c2b3359c9939
  production: 2017-08-18T11:33:03-04:00
sections/featured-products.liquid:
  development: 2017-08-17T19:33:50-04:00   609d4052e55a7692a762e8861792915e
  production: 2017-08-18T11:33:03-04:00
sections/fff.liquid:
  development: 2017-08-17T19:33:51-04:00   191ea17f1b880e66110e9252aadd2719
  production: 2017-08-18T11:33:03-04:00
sections/fixedbanners-section.liquid:
  development: 2017-08-17T19:33:51-04:00   915487ffb20bb6bb23f4c91a19cc1f30
  production: 2017-08-18T11:33:03-04:00
sections/fullscreen_banners.liquid:
  development: 2017-08-17T19:33:51-04:00   b004992a9c6ed88b350a8d2bcad9d218
  production: 2017-08-18T11:33:03-04:00
sections/grid-list.liquid:
  development: 2017-08-17T19:33:51-04:00   899a1ceb3f6408081f2651c93bf66d45
  production: 2017-08-18T11:33:03-04:00
sections/icons-section.liquid:
  development: 2017-08-17T19:33:51-04:00   8acad98e74c51ea5469654d59eda9118
  production: 2017-08-18T11:33:03-04:00
sections/info_section.liquid:
  development: 2017-08-17T19:33:51-04:00   c2f976c5f949f37264e1aa6b8f850210
  production: 2017-08-18T11:33:03-04:00
sections/instagram.liquid:
  development: 2017-08-17T19:33:51-04:00   b19ee11f8ebe025ef242eeb218d6d043
  production: 2017-08-18T11:33:03-04:00
sections/instshop.liquid:
  development: 2017-08-17T19:33:51-04:00   93082ea65b7c3785fd52bd859216d808
  production: 2017-08-18T11:33:03-04:00
sections/layout-2-asidtitle.liquid:
  development: 2017-08-17T19:33:51-04:00   2613be3b4ff70cddf183f2339cdac129
  production: 2017-08-18T11:33:04-04:00
sections/layout-2-banners.liquid:
  development: 2017-08-17T19:33:51-04:00   1d9ea75aa92fefcdff6ca0dad0eb2af1
  production: 2017-08-18T11:33:04-04:00
sections/layout-2-blog.liquid:
  development: 2017-08-17T19:33:51-04:00   d2cbe933e1c6eeb9e0a1ba19f912c094
  production: 2017-08-18T11:33:04-04:00
sections/layout-2-brands.liquid:
  development: 2017-08-17T19:33:51-04:00   d6f5c13933aab5b0b2b22a7742b1cbe9
  production: 2017-08-18T11:33:04-04:00
sections/layout-2-collections-list.liquid:
  development: 2017-08-17T19:33:51-04:00   f5404340441f5751d5e4426f696cb24c
  production: 2017-08-18T11:33:04-04:00
sections/layout-2-customhtml.liquid:
  development: 2017-08-17T19:33:51-04:00   2120aac8440789c367717c9f2a79c411
  production: 2017-08-18T11:33:04-04:00
sections/layout-2-revolution-slider.liquid:
  development: 2017-09-11T00:27:11-04:00   f66f66bf0ce4e1f06ee7f61d2434d911
  production: 2017-08-18T11:33:04-04:00
sections/layout-2-slider-products.liquid:
  development: 2017-08-17T19:33:51-04:00   e6c21b392b195fa2d9ab7c48e6ae3e63
  production: 2017-08-18T11:33:04-04:00
sections/layout-2-sliders-group.liquid:
  development: 2017-08-17T19:33:51-04:00   6b19286ea310b94b84dd6aecbc10551d
  production: 2017-08-18T11:33:04-04:00
sections/layout-2-testimonials.liquid:
  development: 2017-08-17T19:33:51-04:00   4295685d71fdedd87a9bb8d74fffdc4b
  production: 2017-08-18T11:33:04-04:00
sections/one-product.liquid:
  development: 2017-08-17T19:33:51-04:00   48061f92409336d6565996a0914b0fbd
  production: 2017-08-18T11:33:05-04:00
sections/parallax-image.liquid:
  development: 2017-08-17T19:33:51-04:00   dbb11549eb6686363e171063a41e8181
  production: 2017-08-18T11:33:05-04:00
sections/product-header.liquid:
  development: 2017-08-17T19:33:51-04:00   18e502ba84b67cff45888825339812d3
  production: 2017-08-18T11:33:05-04:00
sections/revolution-slider.liquid:
  development: 2017-09-11T00:27:17-04:00   91faea6c107976094d32dbea2ff936c4
  production: 2017-08-18T11:33:05-04:00
sections/show-helper.liquid:
  development: 2017-08-17T19:33:51-04:00   8767409a3bff92a745c11911d2c1503b
  production: 2017-08-18T11:33:05-04:00
sections/slider-with-banners.liquid:
  development: 2017-08-17T19:33:51-04:00   f7a151e2a748719fc838de6084ec5f1e
  production: 2017-08-18T11:33:05-04:00
sections/sliders-group.liquid:
  development: 2017-08-17T19:33:51-04:00   6d4a33f4862685fa81c99399b5d52783
  production: 2017-08-18T11:33:05-04:00
sections/testimonials-2.liquid:
  development: 2017-08-17T19:33:52-04:00   fcf775bad3674d0f9408eda08de5a273
  production: 2017-08-18T11:33:05-04:00
sections/testimonials-3.liquid:
  development: 2017-08-17T19:33:52-04:00   00de1350ae82222bf2070f2ab04847ad
  production: 2017-08-18T11:33:05-04:00
sections/testimonials.liquid:
  development: 2017-08-17T19:33:52-04:00   f08f937f871676131066b1e1928f7059
  production: 2017-08-18T11:33:05-04:00
sections/text2-section.liquid:
  development: 2017-08-17T19:33:52-04:00   ff953d362c91d7684da957307e2967fd
  production: 2017-08-18T11:33:06-04:00
sections/text3-section.liquid:
  development: 2017-08-17T19:33:52-04:00   9cb1fab92e936b08c06072a04192a9a7
  production: 2017-08-18T11:33:06-04:00
sections/texts-section.liquid:
  development: 2017-08-17T19:33:52-04:00   9e2edafda7126943c7389e46256f1ddf
  production: 2017-08-18T11:33:06-04:00
snippets/blog-page-sidebar-tabblogs.liquid:
  development: 2017-08-17T19:34:01-04:00   10be0b08bac7924f9ecb803e098162d5
  production: 2017-08-18T11:33:27-04:00
snippets/blog-page-sidebar.liquid:
  development: 2017-08-17T19:34:01-04:00   5602e05874cbc8ad9a34ff092fddaf78
  production: 2017-08-18T11:33:27-04:00
snippets/blog-slider-item.liquid:
  development: 2017-08-17T19:34:01-04:00   75dd77042d8a274cbe72010832600451
  production: 2017-08-18T11:33:27-04:00
snippets/breadcrumb.liquid:
  development: 2017-08-17T19:34:01-04:00   bdedbcfeace9231cba1e78c050a897a3
  production: 2017-08-18T11:33:27-04:00
snippets/cartpage-design1.liquid:
  development: 2017-08-17T19:34:01-04:00   629289dc8e59e1aa2c0dd501bbf72cb4
  production: 2017-08-18T11:33:28-04:00
snippets/cartpage-design2.liquid:
  development: 2017-08-17T19:34:01-04:00   4ca7ea8d599b82755a78c22c4bdeb32f
  production: 2017-08-18T11:33:28-04:00
snippets/collection-page.liquid:
  development: 2017-09-07T20:45:15-04:00   894f65e3da5857aa9aed319522920350
  production: 2017-08-18T11:33:28-04:00
snippets/collection-sidebar-customhtml.liquid:
  development: 2017-08-17T19:34:01-04:00   2c61cec5d49b8b14083e41a2bdadd62b
  production: 2017-08-18T11:33:28-04:00
snippets/collection-sidebar-filter-category.liquid:
  development: 2017-08-17T19:34:01-04:00   473b59d4a7c960484f2ce4326e470922
  production: 2017-08-18T11:33:28-04:00
snippets/collection-sidebar-filter-color.liquid:
  development: 2017-08-17T19:34:01-04:00   8c9408acc01f75f13047a304b8b0bb6d
  production: 2017-08-18T11:33:28-04:00
snippets/collection-sidebar-filter-price.liquid:
  development: 2017-08-17T19:34:01-04:00   317b9ecd41817ecee6a52f96a6e6ed12
  production: 2017-08-18T11:33:28-04:00
snippets/collection-sidebar-filter-size.liquid:
  development: 2017-08-17T19:34:01-04:00   2ee57d9e8187bcf23fad300b22aaec08
  production: 2017-08-18T11:33:28-04:00
snippets/collection-sidebar-filter-tags.liquid:
  development: 2017-08-17T19:34:01-04:00   9e685a826a4e3141b30810c772bae27c
  production: 2017-08-18T11:33:28-04:00
snippets/collection-sidebar-filter-vendor.liquid:
  development: 2017-08-17T19:34:01-04:00   47d1540a2498f703bfde8acd306d6eb5
  production: 2017-08-18T11:33:28-04:00
snippets/collection-sidebar-left.liquid:
  development: 2017-08-17T19:34:01-04:00   ff61ac4a600651a8f9e47793867e54c4
  production: 2017-08-18T11:33:28-04:00
snippets/collection-sidebar-poducts.liquid:
  development: 2017-08-17T19:34:01-04:00   2e69b784495f283d0a705d9b0ebb3637
  production: 2017-08-18T11:33:28-04:00
snippets/collection-sidebar-right.liquid:
  development: 2017-08-17T19:34:01-04:00   c4d64fbd7ecfab7766b4d1079306413c
  production: 2017-08-18T11:33:28-04:00
snippets/collection-sidebar.liquid:
  development: 2017-08-17T19:34:01-04:00   efe6dd6044ad5e3a2a1cbf23af5f4487
  production: 2017-08-18T11:33:28-04:00
snippets/collection-tollbar.liquid:
  development: 2017-08-17T19:34:01-04:00   247228df1f7a2b320090cb1c557b72ce
  production: 2017-08-18T11:33:28-04:00
snippets/collectionall.liquid:
  development: 2017-08-17T19:34:01-04:00   fb4e2277d91b0196144a9361080d6f5b
  production: 2017-08-18T11:33:28-04:00
snippets/color-banner-examples.liquid:
  development: 2017-08-17T19:34:01-04:00   975fd19683b996327d2fb678d76bf6b8
  production: 2017-08-18T11:33:28-04:00
snippets/color-banner.liquid:
  development: 2017-08-17T19:34:01-04:00   d64de0cce7e7dfb46309c090ea5428ef
  production: 2017-08-18T11:33:28-04:00
snippets/currencies.liquid:
  development: 2017-08-17T19:34:01-04:00   36d00aa5e7b44dd38bf9db9f1c559dbc
  production: 2017-08-18T11:33:28-04:00
snippets/footer-column-links.liquid:
  development: 2017-08-17T19:34:01-04:00   b5eb30964f6c11e5e504d49c094bc5e5
  production: 2017-08-18T11:33:29-04:00
snippets/footer-content.liquid:
  development: 2017-08-17T19:34:01-04:00   dcc1cfe96880b46153d7ffc43ffb103d
  production: 2017-08-18T11:33:29-04:00
snippets/footer-fixed.liquid:
  development: 2017-08-17T19:34:01-04:00   af6308fbf25a8ce477cc3e8c91950e40
  production: 2017-08-18T11:33:29-04:00
snippets/footer-links.liquid:
  development: 2017-08-17T19:34:01-04:00   17e73295c3327929e1c7988b004c9292
  production: 2017-08-18T11:33:29-04:00
snippets/footer_design1.liquid:
  development: 2017-08-17T19:34:01-04:00   086fe9f3864226ecf490ad75e5f30460
  production: 2017-08-18T11:33:29-04:00
snippets/footer_design2.liquid:
  development: 2017-08-17T19:34:01-04:00   ec140dab8fa19fd2f4e359fefb4ce04e
  production: 2017-08-18T11:33:29-04:00
snippets/footer_design3.liquid:
  development: 2017-08-17T19:34:01-04:00   d469655ceedb13279646d7a619b6f1d9
  production: 2017-08-18T11:33:29-04:00
snippets/footer_design4.liquid:
  development: 2017-08-17T19:34:01-04:00   5b402570d83775b88320d52a25a02142
  production: 2017-08-18T11:33:29-04:00
snippets/footer_design5.liquid:
  development: 2017-08-30T20:30:05-04:00   107092af654d502641580a7a7dfbf0e3
  production: 2017-08-18T11:33:29-04:00
snippets/footer_design6.liquid:
  development: 2017-08-17T19:34:01-04:00   ae5ac6f156e56439d648235612db3e74
  production: 2017-08-18T11:33:29-04:00
snippets/get-active-product-tag.liquid:
  development: 2017-08-17T19:34:01-04:00   0fc5119d57b69b1d8c83f79e9cf3c919
  production: 2017-08-18T11:33:29-04:00
snippets/get-content-with-key.liquid:
  development: 2017-08-17T19:34:01-04:00   e3778324d1acee3757a7b3381b0a6091
  production: 2017-08-18T11:33:29-04:00
snippets/get-page-content.liquid:
  development: 2017-08-17T19:34:01-04:00   b9ef046b79c29ed7d0e95272ad7d19af
  production: 2017-08-18T11:33:29-04:00
snippets/get-product_custom_tab_content.liquid:
  development: 2017-08-17T19:34:01-04:00   f5fe6decf1b12e775007f0db55174773
  production: 2017-08-18T11:33:29-04:00
snippets/get_linklist_dropdown.liquid:
  development: 2017-08-17T19:34:01-04:00   b174285aced8e9ef29eebbdd69bb7001
  production: 2017-08-18T11:33:29-04:00
snippets/get_property.liquid:
  development: 2017-08-17T19:34:01-04:00   60139d54a35c82dbd4a1786237214ae6
  production: 2017-08-18T11:33:29-04:00
snippets/header-css.liquid:
  development: 2017-08-17T19:34:02-04:00   06c0c19d0d23fda35df556bf211c78b4
  production: 2017-08-18T11:33:29-04:00
snippets/header-currency.liquid:
  development: 2017-08-17T19:34:02-04:00   9caec8a71e898cff96f4bc9ff10345a1
  production: 2017-08-18T11:33:29-04:00
snippets/header-design_layout-2.liquid:
  development: 2017-08-17T19:34:02-04:00   63cbdf2ad86a7893f0480aa2e2dd1304
  production: 2017-08-18T11:33:29-04:00
snippets/header-fonts.liquid:
  development: 2017-08-17T19:34:02-04:00   b7b3a520faf4d818819886521e782550
  production: 2017-08-18T11:33:29-04:00
snippets/header-js.liquid:
  development: 2017-08-17T19:34:02-04:00   c4f3b94fa1f875659975b5763ceaffc6
  production: 2017-08-18T11:33:29-04:00
snippets/header-language.liquid:
  development: 2017-08-17T19:34:02-04:00   419e6a47eb51dcdc0ea4195728fea769
  production: 2017-08-18T11:33:29-04:00
snippets/header_design1.liquid:
  development: 2017-09-10T16:37:26-04:00   3384871f64f201f64e34cf78836ac1b6
  production: 2017-08-18T11:33:30-04:00
snippets/header_design2.liquid:
  development: 2017-09-10T15:54:50-04:00   08a0d2c647c40409fa44378ef73998d3
  production: 2017-08-18T11:33:30-04:00
snippets/header_design3.liquid:
  development: 2017-08-17T19:34:02-04:00   47b1f7974e04788d3c3efc8a1df6aa88
  production: 2017-08-18T11:33:30-04:00
snippets/header_design4.liquid:
  development: 2017-08-17T19:34:02-04:00   27aab04da5038a3cb6078d60e20d816d
  production: 2017-08-18T11:33:30-04:00
snippets/header_design5.liquid:
  development: 2017-08-17T19:34:02-04:00   b40011217bd8f0d975b00798bb127ffa
  production: 2017-08-18T11:33:30-04:00
snippets/header_design6.liquid:
  development: 2017-08-17T19:34:02-04:00   f1078aa64b00813a68b9b1c94faf063b
  production: 2017-08-18T11:33:30-04:00
snippets/header_design7.liquid:
  development: 2017-08-17T19:34:02-04:00   0a0f04d72919d90d4821fc9d1e4236a8
  production: 2017-08-18T11:33:30-04:00
snippets/header_design8.liquid:
  development: 2017-08-17T19:34:02-04:00   c90c973217cec9bd8af3f031d3ec20f6
  production: 2017-08-18T11:33:30-04:00
snippets/header_design9.liquid:
  development: 2017-08-17T19:34:02-04:00   29a11738c40df0fb2f545ad4703a9115
  production: 2017-08-18T11:33:30-04:00
snippets/home-page_layout-2.liquid:
  development: 2017-08-17T19:34:02-04:00   f24b76cb5a70f20e01f3fad3331b84c2
  production: 2017-08-18T11:33:30-04:00
snippets/main-menu-mobile.liquid:
  development: 2017-08-17T19:34:02-04:00   ffe9ab466d41530df282aa14e560981a
  production: 2017-08-18T11:33:30-04:00
snippets/main-menu-vertical.liquid:
  development: 2017-08-17T19:34:02-04:00   6f8bec44a74fd127e599a3ffb7d506a8
  production: 2017-08-18T11:33:30-04:00
snippets/main-menu.liquid:
  development: 2017-08-17T19:34:02-04:00   a52d872cae8e75bb2b7f969b4ed08cfd
  production: 2017-08-18T11:33:30-04:00
snippets/menu-cart-design2.liquid:
  development: 2017-08-17T19:34:02-04:00   3804ef03dc5e6f2fcf6226d6ff6c2e83
  production: 2017-08-18T11:33:30-04:00
snippets/menu-cart-item.liquid:
  development: 2017-08-17T19:34:02-04:00   eb408fe2badd8206333ce7851232f0e8
  production: 2017-08-18T11:33:30-04:00
snippets/menu-cart.liquid:
  development: 2017-08-17T19:34:02-04:00   916cd5d24b181353a231f3ef2bb5b665
  production: 2017-08-18T11:33:30-04:00
snippets/menu-customer.liquid:
  development: 2017-08-17T19:34:02-04:00   fa98a5b7e6a28a324a429196d441f16b
  production: 2017-08-18T11:33:30-04:00
snippets/menu-search.liquid:
  development: 2017-08-17T19:34:02-04:00   c0a9dc50cdeb56832ceda987f2c172b7
  production: 2017-08-18T11:33:30-04:00
snippets/newsletter_widget.liquid:
  development: 2017-08-17T19:34:02-04:00   fb57661af6f30c53c80e0239393cb60c
  production: 2017-08-18T11:33:30-04:00
snippets/pagination_buttons.liquid:
  development: 2017-08-17T19:34:02-04:00   d7c683a0b14c18b1ff0f1c2399fe0a57
  production: 2017-08-18T11:33:30-04:00
snippets/pagination_products.liquid:
  development: 2017-08-17T19:34:02-04:00   e0b9bbf47a92006e66eb9f0c0007974a
  production: 2017-08-18T11:33:30-04:00
snippets/popup-newsletter.liquid:
  development: 2017-08-17T19:34:02-04:00   dbb53829b034c44b72e1970c06e27e46
  production: 2017-08-18T11:33:31-04:00
snippets/popup-quickview.liquid:
  development: 2017-08-17T19:34:02-04:00   7fbb4fc0ebe3120b441edcba5a833021
  production: 2017-08-18T11:33:31-04:00
snippets/popup_cart.liquid:
  development: 2017-08-17T19:34:02-04:00   f0126ae36e19d92776c18d73385719f3
  production: 2017-08-18T11:33:31-04:00
snippets/preloader-ajax.liquid:
  development: 2017-08-17T19:34:02-04:00   fc5371cc5955a3ada1f727efd3b57366
  production: 2017-08-18T11:33:31-04:00
snippets/preloader-main.liquid:
  development: 2017-08-17T19:34:02-04:00   6ff6fd86f23b0c9221ef382e64e131c8
  production: 2017-08-18T11:33:31-04:00
snippets/product-filter-tags.liquid:
  development: 2017-08-17T19:34:02-04:00   c429105821fe930562f50ccbac07f9de
  production: 2017-08-18T11:33:31-04:00
snippets/product-grid-item.liquid:
  development: 2017-08-17T19:34:02-04:00   2e376ea7c1d8d592cafae5d471c6026f
  production: 2017-08-18T11:33:31-04:00
snippets/product-page-description-2.liquid:
  development: 2017-08-17T19:34:02-04:00   edff893a826919eb2ea0ed0736a60fdb
  production: 2017-08-18T11:33:31-04:00
snippets/product-page-description.liquid:
  development: 2017-08-17T19:34:02-04:00   49654c8127647e2091ed97417c6cca92
  production: 2017-08-18T11:33:31-04:00
snippets/product-page-gallery-2.liquid:
  development: 2017-08-17T19:34:03-04:00   85d98669ea19b94bbe554471622c86f8
  production: 2017-08-18T11:33:31-04:00
snippets/product-page-gallery.liquid:
  development: 2017-08-17T19:34:03-04:00   76f5ee7fe334c77fe2fa4aaf9239ba22
  production: 2017-08-18T11:33:31-04:00
snippets/product-page-tabs.liquid:
  development: 2017-08-17T19:34:03-04:00   5660e76511bfe21b4c57c23146602ca3
  production: 2017-08-18T11:33:31-04:00
snippets/product-page-tabs2.liquid:
  development: 2017-08-17T19:34:03-04:00   b82b4683872d92ec113267ecfa5e82d9
  production: 2017-08-18T11:33:31-04:00
snippets/product-switcher.liquid:
  development: 2017-08-17T19:34:03-04:00   c92884eccf19cbfb38ccc34b33a30a77
  production: 2017-08-18T11:33:31-04:00
snippets/product_small_item.liquid:
  development: 2017-08-17T19:34:03-04:00   3fd2f60590dc94e92af1ef70ff44f52b
  production: 2017-08-18T11:33:31-04:00
snippets/search-autocomplete.liquid:
  development: 2017-08-17T19:34:03-04:00   fae4f224436d8437397feaf51a51ed85
  production: 2017-08-18T11:33:31-04:00
snippets/section_banner_text.liquid:
  development: 2017-08-17T19:34:03-04:00   8122582a4d526b79a5eb3272f848aba5
  production: 2017-08-18T11:33:31-04:00
snippets/section_slider-with-banners.liquid:
  development: 2017-08-17T19:34:03-04:00   15dde7b1fc946dad1a710a8fc2bc3666
  production: 2017-08-18T11:33:31-04:00
snippets/shipping-calculator-design2.liquid:
  development: 2017-08-17T19:34:03-04:00   f0260193d16c89a0fe18759025d28961
  production: 2017-08-18T11:33:31-04:00
snippets/shipping-calculator.liquid:
  development: 2017-08-17T19:34:03-04:00   100162c7d6d3ed8eee0ffc929f5cf2bd
  production: 2017-08-18T11:33:31-04:00
snippets/simple-share-buttons.liquid:
  development: 2017-09-07T21:02:31-04:00   b923377088e1b782afb9f2f63cb5316b
snippets/social-meta-tags.liquid:
  development: 2017-08-17T19:34:03-04:00   809b7e760a8d97306968c190c87864c8
  production: 2017-08-18T11:33:31-04:00
snippets/swatch-javascript.liquid:
  development: 2017-08-17T19:34:03-04:00   d78c82ba20bd94d3cded3a736a07bfb7
  production: 2017-08-18T11:33:31-04:00
snippets/swatch.liquid:
  development: 2017-08-17T19:34:03-04:00   d3e51ec8845e4bc04ad98f997196003d
  production: 2017-08-18T11:33:32-04:00
templates/404.liquid:
  development: 2017-08-17T19:34:03-04:00   2e311c043447d978bfd382ec0f890b7f
  production: 2017-08-18T12:34:53-04:00
templates/article.liquid:
  development: 2017-09-07T20:50:37-04:00   dcf6e82c9ea67fab693e1fcddeae228e
  production: 2017-08-18T11:33:32-04:00
templates/blog.liquid:
  development: 2017-09-07T20:31:45-04:00   6c8e12460525fd09ea507ca003e47289
  production: 2017-08-18T11:33:32-04:00
templates/cart.liquid:
  development: 2017-08-17T19:34:03-04:00   a4adac0d405ddd7fc7743617606fe89a
  production: 2017-08-18T11:33:32-04:00
templates/collection.16.liquid:
  development: 2017-08-17T19:34:03-04:00   5ee0324f298902eab42ba97f63c6897a
  production: 2017-08-18T11:33:32-04:00
templates/collection.32.liquid:
  development: 2017-08-17T19:34:03-04:00   0bef70c3cf146f0f70004dc73a67b5de
  production: 2017-08-18T11:33:32-04:00
templates/collection.all.liquid:
  development: 2017-08-17T19:34:03-04:00   93f321ceaeb6f4c562fd1f242e648ba9
  production: 2017-08-18T11:33:32-04:00
templates/collection.liquid:
  development: 2017-08-17T19:34:03-04:00   c1c59d51c9d3a586b05bc15cf9469a4f
  production: 2017-08-18T11:33:32-04:00
templates/customers/account.liquid:
  development: 2017-08-17T19:34:03-04:00   1f23fc477f659f24745b005fa38ef830
  production: 2017-08-18T11:33:32-04:00
templates/customers/activate_account.liquid:
  development: 2017-08-17T19:34:03-04:00   864072dc57d96a210501dd79be18d09f
  production: 2017-08-18T11:33:32-04:00
templates/customers/addresses.liquid:
  development: 2017-08-17T19:34:03-04:00   ac0688f43d7494d9bbee22c7a022e5fb
  production: 2017-08-18T11:33:32-04:00
templates/customers/login.liquid:
  development: 2017-08-17T19:34:03-04:00   c8b06ec1d4d540ddad7af6367e0305d4
  production: 2017-08-18T11:33:32-04:00
templates/customers/order.liquid:
  development: 2017-08-17T19:34:03-04:00   670c2b479843d41d58aedeb825768e88
  production: 2017-08-18T11:33:32-04:00
templates/customers/register.liquid:
  development: 2017-08-17T19:34:03-04:00   0616cced6e3bbae265738071645f0e48
  production: 2017-08-18T11:33:32-04:00
templates/customers/reset_password.liquid:
  development: 2017-08-17T19:34:03-04:00   403820281769b3fc2405ad40d4d21c96
  production: 2017-08-18T11:33:32-04:00
templates/gift_card.liquid:
  development: 2017-08-17T19:34:03-04:00   9500e173905fea178aa2571faa3afad4
  production: 2017-08-18T11:33:32-04:00
templates/index.liquid:
  development: 2017-08-17T19:34:03-04:00   034564da719f1f503f71c6638210c15a
  production: 2017-08-18T11:33:32-04:00
templates/list-collections.liquid:
  development: 2017-08-17T19:34:03-04:00   2dc219b282230781d5ef935fe974d935
  production: 2017-08-18T11:33:32-04:00
templates/page.contact.liquid:
  development: 2017-08-17T19:34:03-04:00   3863a00e6a8c2f1f4e160db564842aa4
  production: 2017-08-18T11:33:32-04:00
templates/page.empty.liquid:
  development: 2017-08-17T19:34:03-04:00   7ecc89fbba0743d8511a950fc3233968
  production: 2017-08-18T11:33:32-04:00
templates/page.gallery.liquid:
  development: 2017-08-17T19:34:03-04:00   152c0f2e7529d2b079e35c096fb91f8c
  production: 2017-08-18T11:33:32-04:00
templates/page.liquid:
  development: 2017-08-17T19:34:03-04:00   ea5d9d8a9a3bae69db9be24624fa0ffe
  production: 2017-08-18T11:33:32-04:00
templates/page.lookbook.liquid:
  development: 2017-08-17T19:34:03-04:00   c7e2f624c0ae979c3aee128faa282332
  production: 2017-08-18T11:33:32-04:00
templates/password.liquid:
  development: 2017-08-17T19:34:03-04:00   60fb5e198d31af755f48da956207219e
  production: 2017-08-18T11:33:32-04:00
templates/product.json.liquid:
  development: 2017-08-17T19:34:03-04:00   292850517c4259cf3bc2fae9a0275c31
  production: 2017-08-18T11:33:33-04:00
templates/product.liquid:
  development: 2017-08-17T19:34:03-04:00   0b183ab40bdfe4544bf67cdc24bbf0fe
  production: 2017-08-18T11:33:33-04:00
templates/search.json.liquid:
  development: 2017-08-17T19:34:04-04:00   7889f4613d9ac54b37a10520c4469c63
  production: 2017-08-18T11:33:33-04:00
templates/search.liquid:
  development: 2017-08-17T19:34:04-04:00   4bf0a5e66dea2c926f96ccefd60070b2
  production: 2017-08-18T11:33:33-04:00
